<Solution>
  <Project Path="task01/task01.csproj" />
  <Project Path="task01tests/task01tests.csproj" />
  <Project Path="task02/task02.csproj" />
  <Project Path="task02tests/task02tests.csproj" />
  <Project Path="task07/task07.csproj" />
  <Project Path="task07tests/task07tests.csproj" />
</Solution>
